{
  "version": 4,
  "terraform_version": "0.13.5",
  "serial": 82,
  "lineage": "7c9dc40a-e031-6b7a-4c4e-5397f24fcd8c",
  "outputs": {},
  "resources": [
    {
      "mode": "data",
      "type": "external",
      "name": "get_disk_ids",
      "provider": "provider[\"registry.terraform.io/hashicorp/external\"]",
      "instances": [
        {
          "schema_version": 0,
          "attributes": {
            "id": "-",
            "program": [
              "/bin/bash",
              "-c",
              "echo \"$(for i in $(oc get node -l cluster.ocs.openshift.io/openshift-storage= -o jsonpath='{ .items[*].metadata.name }'); do oc debug node/${i} -q -- chroot /host ls -l /dev/disk/by-id/ | grep -E 'vdd'; done)\" | jq --raw-input '[split(\" \") | .[9]] | map({ (.): . }) | add'  |  jq --slurp 'add'"
            ],
            "query": null,
            "result": {
              "virtio-0787-cb07352a-3739-4": "virtio-0787-cb07352a-3739-4",
              "virtio-0797-841270fd-da6c-4": "virtio-0797-841270fd-da6c-4",
              "virtio-07a7-6dda3276-3268-4": "virtio-07a7-6dda3276-3268-4"
            },
            "working_dir": null
          }
        }
      ]
    },
    {
      "mode": "data",
      "type": "external",
      "name": "get_worker_details",
      "provider": "provider[\"registry.terraform.io/hashicorp/external\"]",
      "instances": [
        {
          "schema_version": 0,
          "attributes": {
            "id": "-",
            "program": [
              "/bin/bash",
              "-c",
              "ibmcloud ks worker ls -c bu8o8vtl0oa50383ohtg --worker-pool ocs_pool --output json -q | jq -c '.[] | {(.location): .id}' | jq --slurp --null-input 'inputs | add'"
            ],
            "query": null,
            "result": {
              "eu-gb-1": "kube-bu8o8vtl0oa50383ohtg-platroksjb0-ocspool-0000069c",
              "eu-gb-2": "kube-bu8o8vtl0oa50383ohtg-platroksjb0-ocspool-000005fc",
              "eu-gb-3": "kube-bu8o8vtl0oa50383ohtg-platroksjb0-ocspool-00000497"
            },
            "working_dir": null
          }
        }
      ]
    },
    {
      "mode": "data",
      "type": "ibm_is_zones",
      "name": "vpc_zones",
      "provider": "provider[\"registry.terraform.io/ibm-cloud/ibm\"]",
      "instances": [
        {
          "schema_version": 0,
          "attributes": {
            "id": "2020-10-22 14:28:14.906659 +0000 UTC",
            "region": "eu-gb",
            "status": null,
            "zones": [
              "eu-gb-1",
              "eu-gb-2",
              "eu-gb-3"
            ]
          }
        }
      ]
    },
    {
      "mode": "data",
      "type": "ibm_resource_group",
      "name": "rg_load",
      "provider": "provider[\"registry.terraform.io/ibm-cloud/ibm\"]",
      "instances": [
        {
          "index_key": 0,
          "schema_version": 0,
          "attributes": {
            "id": "b582d2fb271742659341ea7c7d217bb6",
            "is_default": null,
            "name": "resources-platform-chapter"
          }
        }
      ]
    },
    {
      "mode": "managed",
      "type": "ibm_container_vpc_cluster",
      "name": "cluster",
      "provider": "provider[\"registry.terraform.io/ibm-cloud/ibm\"]",
      "instances": [
        {
          "schema_version": 0,
          "attributes": {
            "albs": [],
            "cos_instance_crn": "crn:v1:bluemix:public:cloud-object-storage:global:a/b3b66ab8146c4827aeb8691b27b54410:6b046e0e-1846-4acd-9a11-0c8b69742ad8::",
            "crn": "crn:v1:bluemix:public:containers-kubernetes:eu-gb:a/b3b66ab8146c4827aeb8691b27b54410:bu8o8vtl0oa50383ohtg::",
            "disable_public_service_endpoint": false,
            "entitlement": "cloud_pak",
            "flavor": "bx2.4x16",
            "force_delete_storage": false,
            "id": "bu8o8vtl0oa50383ohtg",
            "ingress_hostname": "plat-roks-jb-03-3cd0ec11030dfa215f262137faf739f1-0000.eu-gb.containers.appdomain.cloud",
            "ingress_secret": "plat-roks-jb-03-3cd0ec11030dfa215f262137faf739f1-0000",
            "kms_config": [],
            "kube_version": "4.5.13_openshift",
            "master_status": "Ready",
            "master_url": "https://c100-e.eu-gb.containers.cloud.ibm.com:30643",
            "name": "plat-roks-jb-03",
            "pod_subnet": "172.17.0.0/18",
            "private_service_endpoint_url": "https://c100.private.eu-gb.containers.cloud.ibm.com:30643",
            "public_service_endpoint_url": "https://c100-e.eu-gb.containers.cloud.ibm.com:30643",
            "resource_controller_url": "https://cloud.ibm.com/kubernetes/clusters",
            "resource_crn": "crn:v1:bluemix:public:containers-kubernetes:eu-gb:a/b3b66ab8146c4827aeb8691b27b54410:bu8o8vtl0oa50383ohtg::",
            "resource_group_id": "b582d2fb271742659341ea7c7d217bb6",
            "resource_group_name": "resources-platform-chapter",
            "resource_name": "plat-roks-jb-03",
            "resource_status": "normal",
            "service_subnet": "172.21.0.0/16",
            "state": "normal",
            "tags": [
              "create:jeremy",
              "owner:platform-chapter",
              "project:testing"
            ],
            "timeouts": null,
            "update_all_workers": false,
            "vpc_id": "r018-db4948da-6a04-426d-9b7c-067b10e437d0",
            "wait_till": "OneWorkerNodeReady",
            "worker_count": 1,
            "worker_labels": {
              "flavor": "bx2.4x16",
              "ibm-cloud.kubernetes.io/worker-pool-id": "bu8o8vtl0oa50383ohtg-f3b503d",
              "pool": "default"
            },
            "zones": [
              {
                "name": "eu-gb-1",
                "subnet_id": "0787-cbf111f3-ac0d-4cf5-859c-0a2fb27ea3e4"
              },
              {
                "name": "eu-gb-2",
                "subnet_id": "0797-8e45c305-e882-4166-91dc-9712f4795f9a"
              },
              {
                "name": "eu-gb-3",
                "subnet_id": "07a7-39519973-34e0-47b4-a100-eb4547f90fe2"
              }
            ]
          },
          "private": "eyJlMmJmYjczMC1lY2FhLTExZTYtOGY4OC0zNDM2M2JjN2M0YzAiOnsiY3JlYXRlIjo1NDAwMDAwMDAwMDAwLCJkZWxldGUiOjI3MDAwMDAwMDAwMDB9fQ==",
          "dependencies": [
            "data.ibm_is_zones.vpc_zones",
            "data.ibm_resource_group.rg_load",
            "ibm_is_public_gateway.gateways",
            "ibm_is_subnet.subnets",
            "ibm_is_vpc.vpc",
            "ibm_resource_group.rg_create",
            "ibm_resource_instance.cos_instance"
          ]
        }
      ]
    },
    {
      "mode": "managed",
      "type": "ibm_container_vpc_worker_pool",
      "name": "ocs_pool",
      "provider": "provider[\"registry.terraform.io/ibm-cloud/ibm\"]",
      "instances": [
        {
          "schema_version": 0,
          "attributes": {
            "cluster": "bu8o8vtl0oa50383ohtg",
            "entitlement": "cloud_pak",
            "flavor": "bx2.16x64",
            "id": "bu8o8vtl0oa50383ohtg/bu8o8vtl0oa50383ohtg-8873ea2",
            "labels": {
              "flavor": "bx2.16x64",
              "ibm-cloud.kubernetes.io/worker-pool-id": "bu8o8vtl0oa50383ohtg-8873ea2",
              "pool": "ocs"
            },
            "resource_group_id": "b582d2fb271742659341ea7c7d217bb6",
            "timeouts": null,
            "vpc_id": "r018-db4948da-6a04-426d-9b7c-067b10e437d0",
            "worker_count": 1,
            "worker_pool_name": "ocs_pool",
            "zones": [
              {
                "name": "eu-gb-1",
                "subnet_id": "0787-cbf111f3-ac0d-4cf5-859c-0a2fb27ea3e4"
              },
              {
                "name": "eu-gb-2",
                "subnet_id": "0797-8e45c305-e882-4166-91dc-9712f4795f9a"
              },
              {
                "name": "eu-gb-3",
                "subnet_id": "07a7-39519973-34e0-47b4-a100-eb4547f90fe2"
              }
            ]
          },
          "private": "eyJlMmJmYjczMC1lY2FhLTExZTYtOGY4OC0zNDM2M2JjN2M0YzAiOnsiY3JlYXRlIjo1NDAwMDAwMDAwMDAwLCJkZWxldGUiOjU0MDAwMDAwMDAwMDB9fQ==",
          "dependencies": [
            "data.ibm_is_zones.vpc_zones",
            "data.ibm_resource_group.rg_load",
            "ibm_container_vpc_cluster.cluster",
            "ibm_is_public_gateway.gateways",
            "ibm_is_subnet.subnets",
            "ibm_is_volume.ocs_vol_pool",
            "ibm_is_vpc.vpc",
            "ibm_resource_group.rg_create",
            "ibm_resource_instance.cos_instance"
          ]
        }
      ]
    },
    {
      "mode": "managed",
      "type": "ibm_is_public_gateway",
      "name": "gateways",
      "provider": "provider[\"registry.terraform.io/ibm-cloud/ibm\"]",
      "instances": [
        {
          "index_key": "eu-gb-1",
          "schema_version": 0,
          "attributes": {
            "floating_ip": {
              "address": "158.175.184.163",
              "id": "r018-9e12df21-2d62-4e8a-b146-7dac59f461f2"
            },
            "id": "r018-31606ebc-8228-4e38-b513-958f352f52ac",
            "name": "plat-roks-jb-03-pgw-eu-gb-1",
            "resource_controller_url": "https://cloud.ibm.com/vpc-ext/network/publicGateways",
            "resource_crn": "crn:v1:bluemix:public:is:eu-gb-1:a/b3b66ab8146c4827aeb8691b27b54410::public-gateway:r018-31606ebc-8228-4e38-b513-958f352f52ac",
            "resource_group": "b582d2fb271742659341ea7c7d217bb6",
            "resource_group_name": "resources-platform-chapter",
            "resource_name": "plat-roks-jb-03-pgw-eu-gb-1",
            "resource_status": "available",
            "status": "available",
            "tags": [
              "create:jeremy",
              "owner:platform-chapter",
              "project:testing"
            ],
            "timeouts": null,
            "vpc": "r018-db4948da-6a04-426d-9b7c-067b10e437d0",
            "zone": "eu-gb-1"
          },
          "private": "eyJlMmJmYjczMC1lY2FhLTExZTYtOGY4OC0zNDM2M2JjN2M0YzAiOnsiY3JlYXRlIjo2MDAwMDAwMDAwMDAsImRlbGV0ZSI6NjAwMDAwMDAwMDAwfX0=",
          "dependencies": [
            "data.ibm_is_zones.vpc_zones",
            "data.ibm_resource_group.rg_load",
            "ibm_is_vpc.vpc",
            "ibm_resource_group.rg_create"
          ]
        },
        {
          "index_key": "eu-gb-2",
          "schema_version": 0,
          "attributes": {
            "floating_ip": {
              "address": "141.125.107.168",
              "id": "r018-a1ba07b7-2a19-41f7-958a-29f552107869"
            },
            "id": "r018-90dba2c3-0f5c-4111-bd7b-a9b61ad89d64",
            "name": "plat-roks-jb-03-pgw-eu-gb-2",
            "resource_controller_url": "https://cloud.ibm.com/vpc-ext/network/publicGateways",
            "resource_crn": "crn:v1:bluemix:public:is:eu-gb-2:a/b3b66ab8146c4827aeb8691b27b54410::public-gateway:r018-90dba2c3-0f5c-4111-bd7b-a9b61ad89d64",
            "resource_group": "b582d2fb271742659341ea7c7d217bb6",
            "resource_group_name": "resources-platform-chapter",
            "resource_name": "plat-roks-jb-03-pgw-eu-gb-2",
            "resource_status": "available",
            "status": "available",
            "tags": [
              "create:jeremy",
              "owner:platform-chapter",
              "project:testing"
            ],
            "timeouts": null,
            "vpc": "r018-db4948da-6a04-426d-9b7c-067b10e437d0",
            "zone": "eu-gb-2"
          },
          "private": "eyJlMmJmYjczMC1lY2FhLTExZTYtOGY4OC0zNDM2M2JjN2M0YzAiOnsiY3JlYXRlIjo2MDAwMDAwMDAwMDAsImRlbGV0ZSI6NjAwMDAwMDAwMDAwfX0=",
          "dependencies": [
            "data.ibm_is_zones.vpc_zones",
            "data.ibm_resource_group.rg_load",
            "ibm_is_vpc.vpc",
            "ibm_resource_group.rg_create"
          ]
        },
        {
          "index_key": "eu-gb-3",
          "schema_version": 0,
          "attributes": {
            "floating_ip": {
              "address": "158.176.181.39",
              "id": "r018-f8592bd6-d9d0-4fb0-a597-f88cc4080ec7"
            },
            "id": "r018-6cc27394-995d-488f-bb64-c13dafd64e71",
            "name": "plat-roks-jb-03-pgw-eu-gb-3",
            "resource_controller_url": "https://cloud.ibm.com/vpc-ext/network/publicGateways",
            "resource_crn": "crn:v1:bluemix:public:is:eu-gb-3:a/b3b66ab8146c4827aeb8691b27b54410::public-gateway:r018-6cc27394-995d-488f-bb64-c13dafd64e71",
            "resource_group": "b582d2fb271742659341ea7c7d217bb6",
            "resource_group_name": "resources-platform-chapter",
            "resource_name": "plat-roks-jb-03-pgw-eu-gb-3",
            "resource_status": "available",
            "status": "available",
            "tags": [
              "create:jeremy",
              "owner:platform-chapter",
              "project:testing"
            ],
            "timeouts": null,
            "vpc": "r018-db4948da-6a04-426d-9b7c-067b10e437d0",
            "zone": "eu-gb-3"
          },
          "private": "eyJlMmJmYjczMC1lY2FhLTExZTYtOGY4OC0zNDM2M2JjN2M0YzAiOnsiY3JlYXRlIjo2MDAwMDAwMDAwMDAsImRlbGV0ZSI6NjAwMDAwMDAwMDAwfX0=",
          "dependencies": [
            "data.ibm_is_zones.vpc_zones",
            "data.ibm_resource_group.rg_load",
            "ibm_is_vpc.vpc",
            "ibm_resource_group.rg_create"
          ]
        }
      ]
    },
    {
      "mode": "managed",
      "type": "ibm_is_security_group_rule",
      "name": "worker_nodeports_tcp",
      "provider": "provider[\"registry.terraform.io/ibm-cloud/ibm\"]",
      "instances": [
        {
          "schema_version": 0,
          "attributes": {
            "direction": "inbound",
            "group": "r018-0a05bdaf-e0f9-417e-b131-0f2eda2d9023",
            "icmp": [],
            "id": "r018-0a05bdaf-e0f9-417e-b131-0f2eda2d9023.r018-62da98f3-1baa-4ad4-9e79-d199cba4159f",
            "ip_version": "ipv4",
            "related_crn": "crn:v1:bluemix:public:is:eu-gb:a/b3b66ab8146c4827aeb8691b27b54410::security-group:r018-0a05bdaf-e0f9-417e-b131-0f2eda2d9023",
            "remote": "0.0.0.0/0",
            "rule_id": "r018-62da98f3-1baa-4ad4-9e79-d199cba4159f",
            "tcp": [
              {
                "port_max": 32767,
                "port_min": 30000
              }
            ],
            "udp": []
          },
          "private": "bnVsbA==",
          "dependencies": [
            "data.ibm_resource_group.rg_load",
            "ibm_is_vpc.vpc",
            "ibm_resource_group.rg_create"
          ]
        }
      ]
    },
    {
      "mode": "managed",
      "type": "ibm_is_security_group_rule",
      "name": "worker_nodeports_udp",
      "provider": "provider[\"registry.terraform.io/ibm-cloud/ibm\"]",
      "instances": [
        {
          "schema_version": 0,
          "attributes": {
            "direction": "inbound",
            "group": "r018-0a05bdaf-e0f9-417e-b131-0f2eda2d9023",
            "icmp": [],
            "id": "r018-0a05bdaf-e0f9-417e-b131-0f2eda2d9023.r018-264a25cb-083f-4e71-967c-1b4af9f55b66",
            "ip_version": "ipv4",
            "related_crn": "crn:v1:bluemix:public:is:eu-gb:a/b3b66ab8146c4827aeb8691b27b54410::security-group:r018-0a05bdaf-e0f9-417e-b131-0f2eda2d9023",
            "remote": "0.0.0.0/0",
            "rule_id": "r018-264a25cb-083f-4e71-967c-1b4af9f55b66",
            "tcp": [],
            "udp": [
              {
                "port_max": 32767,
                "port_min": 30000
              }
            ]
          },
          "private": "bnVsbA==",
          "dependencies": [
            "data.ibm_resource_group.rg_load",
            "ibm_is_vpc.vpc",
            "ibm_resource_group.rg_create"
          ]
        }
      ]
    },
    {
      "mode": "managed",
      "type": "ibm_is_subnet",
      "name": "subnets",
      "provider": "provider[\"registry.terraform.io/ibm-cloud/ibm\"]",
      "instances": [
        {
          "index_key": "eu-gb-1",
          "schema_version": 0,
          "attributes": {
            "available_ipv4_address_count": null,
            "id": "0787-cbf111f3-ac0d-4cf5-859c-0a2fb27ea3e4",
            "ipv4_cidr_block": "10.242.0.0/24",
            "ipv6_cidr_block": null,
            "name": "plat-roks-jb-03-sub-eu-gb-1",
            "network_acl": "r018-3ebf38e0-9e5f-4048-bd0e-efa0cb58b08b",
            "public_gateway": "r018-31606ebc-8228-4e38-b513-958f352f52ac",
            "resource_controller_url": "https://cloud.ibm.com/vpc-ext/network/subnets",
            "resource_crn": "crn:v1:bluemix:public:is:eu-gb-1:a/b3b66ab8146c4827aeb8691b27b54410::subnet:0787-cbf111f3-ac0d-4cf5-859c-0a2fb27ea3e4",
            "resource_group": "b582d2fb271742659341ea7c7d217bb6",
            "resource_group_name": "resources-platform-chapter",
            "resource_name": "plat-roks-jb-03-sub-eu-gb-1",
            "resource_status": "available",
            "status": "available",
            "timeouts": null,
            "total_ipv4_address_count": 256,
            "vpc": "r018-db4948da-6a04-426d-9b7c-067b10e437d0",
            "zone": "eu-gb-1"
          },
          "private": "eyJlMmJmYjczMC1lY2FhLTExZTYtOGY4OC0zNDM2M2JjN2M0YzAiOnsiY3JlYXRlIjo2MDAwMDAwMDAwMDAsImRlbGV0ZSI6NjAwMDAwMDAwMDAwLCJ1cGRhdGUiOjYwMDAwMDAwMDAwMH19",
          "dependencies": [
            "data.ibm_is_zones.vpc_zones",
            "data.ibm_resource_group.rg_load",
            "ibm_is_public_gateway.gateways",
            "ibm_is_vpc.vpc",
            "ibm_resource_group.rg_create"
          ]
        },
        {
          "index_key": "eu-gb-2",
          "schema_version": 0,
          "attributes": {
            "available_ipv4_address_count": null,
            "id": "0797-8e45c305-e882-4166-91dc-9712f4795f9a",
            "ipv4_cidr_block": "10.242.64.0/24",
            "ipv6_cidr_block": null,
            "name": "plat-roks-jb-03-sub-eu-gb-2",
            "network_acl": "r018-3ebf38e0-9e5f-4048-bd0e-efa0cb58b08b",
            "public_gateway": "r018-90dba2c3-0f5c-4111-bd7b-a9b61ad89d64",
            "resource_controller_url": "https://cloud.ibm.com/vpc-ext/network/subnets",
            "resource_crn": "crn:v1:bluemix:public:is:eu-gb-2:a/b3b66ab8146c4827aeb8691b27b54410::subnet:0797-8e45c305-e882-4166-91dc-9712f4795f9a",
            "resource_group": "b582d2fb271742659341ea7c7d217bb6",
            "resource_group_name": "resources-platform-chapter",
            "resource_name": "plat-roks-jb-03-sub-eu-gb-2",
            "resource_status": "available",
            "status": "available",
            "timeouts": null,
            "total_ipv4_address_count": 256,
            "vpc": "r018-db4948da-6a04-426d-9b7c-067b10e437d0",
            "zone": "eu-gb-2"
          },
          "private": "eyJlMmJmYjczMC1lY2FhLTExZTYtOGY4OC0zNDM2M2JjN2M0YzAiOnsiY3JlYXRlIjo2MDAwMDAwMDAwMDAsImRlbGV0ZSI6NjAwMDAwMDAwMDAwLCJ1cGRhdGUiOjYwMDAwMDAwMDAwMH19",
          "dependencies": [
            "data.ibm_is_zones.vpc_zones",
            "data.ibm_resource_group.rg_load",
            "ibm_is_public_gateway.gateways",
            "ibm_is_vpc.vpc",
            "ibm_resource_group.rg_create"
          ]
        },
        {
          "index_key": "eu-gb-3",
          "schema_version": 0,
          "attributes": {
            "available_ipv4_address_count": null,
            "id": "07a7-39519973-34e0-47b4-a100-eb4547f90fe2",
            "ipv4_cidr_block": "10.242.128.0/24",
            "ipv6_cidr_block": null,
            "name": "plat-roks-jb-03-sub-eu-gb-3",
            "network_acl": "r018-3ebf38e0-9e5f-4048-bd0e-efa0cb58b08b",
            "public_gateway": "r018-6cc27394-995d-488f-bb64-c13dafd64e71",
            "resource_controller_url": "https://cloud.ibm.com/vpc-ext/network/subnets",
            "resource_crn": "crn:v1:bluemix:public:is:eu-gb-3:a/b3b66ab8146c4827aeb8691b27b54410::subnet:07a7-39519973-34e0-47b4-a100-eb4547f90fe2",
            "resource_group": "b582d2fb271742659341ea7c7d217bb6",
            "resource_group_name": "resources-platform-chapter",
            "resource_name": "plat-roks-jb-03-sub-eu-gb-3",
            "resource_status": "available",
            "status": "available",
            "timeouts": null,
            "total_ipv4_address_count": 256,
            "vpc": "r018-db4948da-6a04-426d-9b7c-067b10e437d0",
            "zone": "eu-gb-3"
          },
          "private": "eyJlMmJmYjczMC1lY2FhLTExZTYtOGY4OC0zNDM2M2JjN2M0YzAiOnsiY3JlYXRlIjo2MDAwMDAwMDAwMDAsImRlbGV0ZSI6NjAwMDAwMDAwMDAwLCJ1cGRhdGUiOjYwMDAwMDAwMDAwMH19",
          "dependencies": [
            "data.ibm_is_zones.vpc_zones",
            "data.ibm_resource_group.rg_load",
            "ibm_is_public_gateway.gateways",
            "ibm_is_vpc.vpc",
            "ibm_resource_group.rg_create"
          ]
        }
      ]
    },
    {
      "mode": "managed",
      "type": "ibm_is_volume",
      "name": "ocs_vol_pool",
      "provider": "provider[\"registry.terraform.io/ibm-cloud/ibm\"]",
      "instances": [
        {
          "index_key": "eu-gb-1",
          "schema_version": 0,
          "attributes": {
            "capacity": 512,
            "crn": "crn:v1:bluemix:public:is:eu-gb-1:a/b3b66ab8146c4827aeb8691b27b54410::volume:r018-09ddd43d-9a0c-42f1-98d1-733cb3f70900",
            "encryption_key": null,
            "id": "r018-09ddd43d-9a0c-42f1-98d1-733cb3f70900",
            "iops": 5500,
            "name": "plat-roks-jb-03-ocs-pool-eu-gb-1",
            "profile": "10iops-tier",
            "resource_controller_url": "https://cloud.ibm.com/vpc-ext/storage/storageVolumes",
            "resource_crn": "crn:v1:bluemix:public:is:eu-gb-1:a/b3b66ab8146c4827aeb8691b27b54410::volume:r018-09ddd43d-9a0c-42f1-98d1-733cb3f70900",
            "resource_group": "b582d2fb271742659341ea7c7d217bb6",
            "resource_group_name": "resources-platform-chapter",
            "resource_name": "plat-roks-jb-03-ocs-pool-eu-gb-1",
            "resource_status": "available",
            "status": "available",
            "tags": [
              "create:jeremy",
              "owner:platform-chapter",
              "project:testing"
            ],
            "timeouts": null,
            "zone": "eu-gb-1"
          },
          "private": "eyJlMmJmYjczMC1lY2FhLTExZTYtOGY4OC0zNDM2M2JjN2M0YzAiOnsiY3JlYXRlIjo2MDAwMDAwMDAwMDAsImRlbGV0ZSI6NjAwMDAwMDAwMDAwfX0=",
          "dependencies": [
            "data.ibm_is_zones.vpc_zones",
            "data.ibm_resource_group.rg_load",
            "ibm_resource_group.rg_create"
          ]
        },
        {
          "index_key": "eu-gb-2",
          "schema_version": 0,
          "attributes": {
            "capacity": 512,
            "crn": "crn:v1:bluemix:public:is:eu-gb-2:a/b3b66ab8146c4827aeb8691b27b54410::volume:r018-52854fb2-3c26-4e3d-811b-3ef3916ad460",
            "encryption_key": null,
            "id": "r018-52854fb2-3c26-4e3d-811b-3ef3916ad460",
            "iops": 5500,
            "name": "plat-roks-jb-03-ocs-pool-eu-gb-2",
            "profile": "10iops-tier",
            "resource_controller_url": "https://cloud.ibm.com/vpc-ext/storage/storageVolumes",
            "resource_crn": "crn:v1:bluemix:public:is:eu-gb-2:a/b3b66ab8146c4827aeb8691b27b54410::volume:r018-52854fb2-3c26-4e3d-811b-3ef3916ad460",
            "resource_group": "b582d2fb271742659341ea7c7d217bb6",
            "resource_group_name": "resources-platform-chapter",
            "resource_name": "plat-roks-jb-03-ocs-pool-eu-gb-2",
            "resource_status": "available",
            "status": "available",
            "tags": [
              "create:jeremy",
              "owner:platform-chapter",
              "project:testing"
            ],
            "timeouts": null,
            "zone": "eu-gb-2"
          },
          "private": "eyJlMmJmYjczMC1lY2FhLTExZTYtOGY4OC0zNDM2M2JjN2M0YzAiOnsiY3JlYXRlIjo2MDAwMDAwMDAwMDAsImRlbGV0ZSI6NjAwMDAwMDAwMDAwfX0=",
          "dependencies": [
            "data.ibm_is_zones.vpc_zones",
            "data.ibm_resource_group.rg_load",
            "ibm_resource_group.rg_create"
          ]
        },
        {
          "index_key": "eu-gb-3",
          "schema_version": 0,
          "attributes": {
            "capacity": 512,
            "crn": "crn:v1:bluemix:public:is:eu-gb-3:a/b3b66ab8146c4827aeb8691b27b54410::volume:r018-04a4308f-0313-4e69-b388-b0757089c906",
            "encryption_key": null,
            "id": "r018-04a4308f-0313-4e69-b388-b0757089c906",
            "iops": 5500,
            "name": "plat-roks-jb-03-ocs-pool-eu-gb-3",
            "profile": "10iops-tier",
            "resource_controller_url": "https://cloud.ibm.com/vpc-ext/storage/storageVolumes",
            "resource_crn": "crn:v1:bluemix:public:is:eu-gb-3:a/b3b66ab8146c4827aeb8691b27b54410::volume:r018-04a4308f-0313-4e69-b388-b0757089c906",
            "resource_group": "b582d2fb271742659341ea7c7d217bb6",
            "resource_group_name": "resources-platform-chapter",
            "resource_name": "plat-roks-jb-03-ocs-pool-eu-gb-3",
            "resource_status": "available",
            "status": "available",
            "tags": [
              "create:jeremy",
              "owner:platform-chapter",
              "project:testing"
            ],
            "timeouts": null,
            "zone": "eu-gb-3"
          },
          "private": "eyJlMmJmYjczMC1lY2FhLTExZTYtOGY4OC0zNDM2M2JjN2M0YzAiOnsiY3JlYXRlIjo2MDAwMDAwMDAwMDAsImRlbGV0ZSI6NjAwMDAwMDAwMDAwfX0=",
          "dependencies": [
            "data.ibm_is_zones.vpc_zones",
            "data.ibm_resource_group.rg_load",
            "ibm_resource_group.rg_create"
          ]
        }
      ]
    },
    {
      "mode": "managed",
      "type": "ibm_is_vpc",
      "name": "vpc",
      "provider": "provider[\"registry.terraform.io/ibm-cloud/ibm\"]",
      "instances": [
        {
          "schema_version": 0,
          "attributes": {
            "address_prefix_management": "auto",
            "classic_access": false,
            "crn": "crn:v1:bluemix:public:is:eu-gb:a/b3b66ab8146c4827aeb8691b27b54410::vpc:r018-db4948da-6a04-426d-9b7c-067b10e437d0",
            "cse_source_addresses": [
              {
                "address": "10.223.13.243",
                "zone_name": "eu-gb-1"
              },
              {
                "address": "10.249.105.171",
                "zone_name": "eu-gb-2"
              },
              {
                "address": "10.249.111.0",
                "zone_name": "eu-gb-3"
              }
            ],
            "default_network_acl": "r018-3ebf38e0-9e5f-4048-bd0e-efa0cb58b08b",
            "default_security_group": "r018-0a05bdaf-e0f9-417e-b131-0f2eda2d9023",
            "id": "r018-db4948da-6a04-426d-9b7c-067b10e437d0",
            "is_default": null,
            "name": "plat-roks-jb-03-vpc",
            "resource_controller_url": "https://cloud.ibm.com/vpc-ext/network/vpcs",
            "resource_crn": "crn:v1:bluemix:public:is:eu-gb:a/b3b66ab8146c4827aeb8691b27b54410::vpc:r018-db4948da-6a04-426d-9b7c-067b10e437d0",
            "resource_group": "b582d2fb271742659341ea7c7d217bb6",
            "resource_group_name": "resources-platform-chapter",
            "resource_name": "plat-roks-jb-03-vpc",
            "resource_status": "available",
            "security_group": [
              {
                "group_id": "r018-0a05bdaf-e0f9-417e-b131-0f2eda2d9023",
                "group_name": "aim-headphone-ascension-gently",
                "rules": [
                  {
                    "code": 0,
                    "direction": "outbound",
                    "ip_version": "ipv4",
                    "port_max": 0,
                    "port_min": 0,
                    "protocol": "all",
                    "remote": "0.0.0.0/0",
                    "rule_id": "r018-c0d6e8b9-a70c-49dc-8ef1-12e6f3a5f577",
                    "type": 0
                  },
                  {
                    "code": 0,
                    "direction": "inbound",
                    "ip_version": "ipv4",
                    "port_max": 0,
                    "port_min": 0,
                    "protocol": "all",
                    "remote": "r018-0a05bdaf-e0f9-417e-b131-0f2eda2d9023",
                    "rule_id": "r018-e1ae7fef-8b2e-4717-a588-e40211a2dff6",
                    "type": 0
                  },
                  {
                    "code": 0,
                    "direction": "inbound",
                    "ip_version": "ipv4",
                    "port_max": 32767,
                    "port_min": 30000,
                    "protocol": "udp",
                    "remote": "0.0.0.0/0",
                    "rule_id": "r018-264a25cb-083f-4e71-967c-1b4af9f55b66",
                    "type": 0
                  },
                  {
                    "code": 0,
                    "direction": "inbound",
                    "ip_version": "ipv4",
                    "port_max": 32767,
                    "port_min": 30000,
                    "protocol": "tcp",
                    "remote": "0.0.0.0/0",
                    "rule_id": "r018-62da98f3-1baa-4ad4-9e79-d199cba4159f",
                    "type": 0
                  }
                ]
              },
              {
                "group_id": "r018-2595376e-9160-4d7b-9c9e-3c500cd66a21",
                "group_name": "kube-bu8o8vtl0oa50383ohtg",
                "rules": [
                  {
                    "code": 0,
                    "direction": "outbound",
                    "ip_version": "ipv4",
                    "port_max": 0,
                    "port_min": 0,
                    "protocol": "all",
                    "remote": "172.17.0.0/18",
                    "rule_id": "r018-728be280-4280-4b3e-a9de-ec0a56c21539",
                    "type": 0
                  },
                  {
                    "code": 0,
                    "direction": "inbound",
                    "ip_version": "ipv4",
                    "port_max": 0,
                    "port_min": 0,
                    "protocol": "all",
                    "remote": "172.17.0.0/18",
                    "rule_id": "r018-9b196d56-3267-4fec-bdac-0319fbbc4d08",
                    "type": 0
                  },
                  {
                    "code": 0,
                    "direction": "inbound",
                    "ip_version": "ipv4",
                    "port_max": 32767,
                    "port_min": 30000,
                    "protocol": "tcp",
                    "remote": "0.0.0.0/0",
                    "rule_id": "r018-ff7ea416-a5eb-4800-89ba-971b30db1158",
                    "type": 0
                  },
                  {
                    "code": 0,
                    "direction": "inbound",
                    "ip_version": "ipv4",
                    "port_max": 32767,
                    "port_min": 30000,
                    "protocol": "udp",
                    "remote": "0.0.0.0/0",
                    "rule_id": "r018-10d325f4-22a8-4f46-98d2-a085a386cd88",
                    "type": 0
                  }
                ]
              }
            ],
            "status": "available",
            "subnets": [
              {
                "available_ipv4_address_count": 249,
                "id": "0787-cbf111f3-ac0d-4cf5-859c-0a2fb27ea3e4",
                "name": "plat-roks-jb-03-sub-eu-gb-1",
                "status": "available",
                "total_ipv4_address_count": 256,
                "zone": "eu-gb-1"
              },
              {
                "available_ipv4_address_count": 248,
                "id": "0797-8e45c305-e882-4166-91dc-9712f4795f9a",
                "name": "plat-roks-jb-03-sub-eu-gb-2",
                "status": "available",
                "total_ipv4_address_count": 256,
                "zone": "eu-gb-2"
              },
              {
                "available_ipv4_address_count": 248,
                "id": "07a7-39519973-34e0-47b4-a100-eb4547f90fe2",
                "name": "plat-roks-jb-03-sub-eu-gb-3",
                "status": "available",
                "total_ipv4_address_count": 256,
                "zone": "eu-gb-3"
              }
            ],
            "tags": [
              "create:jeremy",
              "owner:platform-chapter",
              "project:testing"
            ],
            "timeouts": null
          },
          "private": "eyJlMmJmYjczMC1lY2FhLTExZTYtOGY4OC0zNDM2M2JjN2M0YzAiOnsiY3JlYXRlIjo2MDAwMDAwMDAwMDAsImRlbGV0ZSI6NjAwMDAwMDAwMDAwfX0=",
          "dependencies": [
            "data.ibm_resource_group.rg_load",
            "ibm_resource_group.rg_create"
          ]
        }
      ]
    },
    {
      "mode": "managed",
      "type": "ibm_resource_instance",
      "name": "cos_instance",
      "provider": "provider[\"registry.terraform.io/ibm-cloud/ibm\"]",
      "instances": [
        {
          "schema_version": 0,
          "attributes": {
            "crn": "crn:v1:bluemix:public:cloud-object-storage:global:a/b3b66ab8146c4827aeb8691b27b54410:6b046e0e-1846-4acd-9a11-0c8b69742ad8::",
            "dashboard_url": "https://cloud.ibm.com/objectstorage/crn%3Av1%3Abluemix%3Apublic%3Acloud-object-storage%3Aglobal%3Aa%2Fb3b66ab8146c4827aeb8691b27b54410%3A6b046e0e-1846-4acd-9a11-0c8b69742ad8%3A%3A",
            "extensions": {},
            "guid": "6b046e0e-1846-4acd-9a11-0c8b69742ad8",
            "id": "crn:v1:bluemix:public:cloud-object-storage:global:a/b3b66ab8146c4827aeb8691b27b54410:6b046e0e-1846-4acd-9a11-0c8b69742ad8::",
            "location": "global",
            "name": "plat-roks-jb-03-cos",
            "parameters": null,
            "plan": "standard",
            "resource_controller_url": "https://cloud.ibm.com/services/",
            "resource_crn": "crn:v1:bluemix:public:cloud-object-storage:global:a/b3b66ab8146c4827aeb8691b27b54410:6b046e0e-1846-4acd-9a11-0c8b69742ad8::",
            "resource_group_id": "b582d2fb271742659341ea7c7d217bb6",
            "resource_group_name": "",
            "resource_name": "plat-roks-jb-03-cos",
            "resource_status": "active",
            "service": "cloud-object-storage",
            "service_endpoints": null,
            "status": "active",
            "tags": [],
            "timeouts": null
          },
          "private": "eyJlMmJmYjczMC1lY2FhLTExZTYtOGY4OC0zNDM2M2JjN2M0YzAiOnsiY3JlYXRlIjo2MDAwMDAwMDAwMDAsImRlbGV0ZSI6NjAwMDAwMDAwMDAwLCJ1cGRhdGUiOjYwMDAwMDAwMDAwMH19",
          "dependencies": [
            "data.ibm_resource_group.rg_load",
            "ibm_resource_group.rg_create"
          ]
        }
      ]
    },
    {
      "mode": "managed",
      "type": "null_resource",
      "name": "bind_ocs_volumes",
      "provider": "provider[\"registry.terraform.io/hashicorp/null\"]",
      "instances": [
        {
          "index_key": "eu-gb-1",
          "schema_version": 0,
          "attributes": {
            "id": "2934599593486656238",
            "triggers": null
          },
          "private": "bnVsbA==",
          "dependencies": [
            "data.external.get_worker_details",
            "data.ibm_is_zones.vpc_zones",
            "data.ibm_resource_group.rg_load",
            "ibm_container_vpc_cluster.cluster",
            "ibm_container_vpc_worker_pool.ocs_pool",
            "ibm_is_public_gateway.gateways",
            "ibm_is_subnet.subnets",
            "ibm_is_volume.ocs_vol_pool",
            "ibm_is_vpc.vpc",
            "ibm_resource_group.rg_create",
            "ibm_resource_instance.cos_instance",
            "null_resource.initalise_cli",
            "null_resource.wait_label_ocs_nodes"
          ]
        },
        {
          "index_key": "eu-gb-2",
          "schema_version": 0,
          "attributes": {
            "id": "5619468345410834241",
            "triggers": null
          },
          "private": "bnVsbA==",
          "dependencies": [
            "data.external.get_worker_details",
            "data.ibm_is_zones.vpc_zones",
            "data.ibm_resource_group.rg_load",
            "ibm_container_vpc_cluster.cluster",
            "ibm_container_vpc_worker_pool.ocs_pool",
            "ibm_is_public_gateway.gateways",
            "ibm_is_subnet.subnets",
            "ibm_is_volume.ocs_vol_pool",
            "ibm_is_vpc.vpc",
            "ibm_resource_group.rg_create",
            "ibm_resource_instance.cos_instance",
            "null_resource.initalise_cli",
            "null_resource.wait_label_ocs_nodes"
          ]
        },
        {
          "index_key": "eu-gb-3",
          "schema_version": 0,
          "attributes": {
            "id": "1620749946591440314",
            "triggers": null
          },
          "private": "bnVsbA==",
          "dependencies": [
            "data.external.get_worker_details",
            "data.ibm_is_zones.vpc_zones",
            "data.ibm_resource_group.rg_load",
            "ibm_container_vpc_cluster.cluster",
            "ibm_container_vpc_worker_pool.ocs_pool",
            "ibm_is_public_gateway.gateways",
            "ibm_is_subnet.subnets",
            "ibm_is_volume.ocs_vol_pool",
            "ibm_is_vpc.vpc",
            "ibm_resource_group.rg_create",
            "ibm_resource_instance.cos_instance",
            "null_resource.initalise_cli",
            "null_resource.wait_label_ocs_nodes"
          ]
        }
      ]
    },
    {
      "mode": "managed",
      "type": "null_resource",
      "name": "create_pvs",
      "provider": "provider[\"registry.terraform.io/hashicorp/null\"]",
      "instances": [
        {
          "status": "tainted",
          "schema_version": 0,
          "attributes": {
            "id": "8923024244270879245",
            "triggers": null
          },
          "private": "bnVsbA==",
          "dependencies": [
            "data.external.get_disk_ids"
          ]
        }
      ]
    },
    {
      "mode": "managed",
      "type": "null_resource",
      "name": "initalise_cli",
      "provider": "provider[\"registry.terraform.io/hashicorp/null\"]",
      "instances": [
        {
          "schema_version": 0,
          "attributes": {
            "id": "7171744043832628533",
            "triggers": null
          },
          "private": "bnVsbA==",
          "dependencies": [
            "data.ibm_is_zones.vpc_zones",
            "data.ibm_resource_group.rg_load",
            "ibm_container_vpc_cluster.cluster",
            "ibm_is_public_gateway.gateways",
            "ibm_is_subnet.subnets",
            "ibm_is_vpc.vpc",
            "ibm_resource_group.rg_create",
            "ibm_resource_instance.cos_instance"
          ]
        }
      ]
    },
    {
      "mode": "managed",
      "type": "null_resource",
      "name": "sleep",
      "provider": "provider[\"registry.terraform.io/hashicorp/null\"]",
      "instances": [
        {
          "schema_version": 0,
          "attributes": {
            "id": "3694580515034426157",
            "triggers": null
          },
          "private": "bnVsbA==",
          "dependencies": [
            "data.external.get_worker_details",
            "data.ibm_is_zones.vpc_zones",
            "data.ibm_resource_group.rg_load",
            "ibm_container_vpc_cluster.cluster",
            "ibm_container_vpc_worker_pool.ocs_pool",
            "ibm_is_public_gateway.gateways",
            "ibm_is_subnet.subnets",
            "ibm_is_volume.ocs_vol_pool",
            "ibm_is_vpc.vpc",
            "ibm_resource_group.rg_create",
            "ibm_resource_instance.cos_instance",
            "null_resource.bind_ocs_volumes",
            "null_resource.initalise_cli",
            "null_resource.wait_label_ocs_nodes"
          ]
        }
      ]
    },
    {
      "mode": "managed",
      "type": "null_resource",
      "name": "wait_label_ocs_nodes",
      "provider": "provider[\"registry.terraform.io/hashicorp/null\"]",
      "instances": [
        {
          "schema_version": 0,
          "attributes": {
            "id": "3119614365231939470",
            "triggers": null
          },
          "private": "bnVsbA==",
          "dependencies": [
            "data.external.get_worker_details",
            "data.ibm_is_zones.vpc_zones",
            "data.ibm_resource_group.rg_load",
            "ibm_container_vpc_cluster.cluster",
            "ibm_container_vpc_worker_pool.ocs_pool",
            "ibm_is_public_gateway.gateways",
            "ibm_is_subnet.subnets",
            "ibm_is_volume.ocs_vol_pool",
            "ibm_is_vpc.vpc",
            "ibm_resource_group.rg_create",
            "ibm_resource_instance.cos_instance",
            "null_resource.initalise_cli"
          ]
        }
      ]
    }
  ]
}
